// !$*UTF8*$!
{
	archiveVersion = 1;
	classes = {
	};
	objectVersion = 46;
	objects = {

/* Begin PBXBuildFile section */
		F116E5F21BB1A58400AC9FD6 /* 1.jpeg in Resources */ = {isa = PBXBuildFile; fileRef = F116E5E81BB1A58400AC9FD6 /* 1.jpeg */; settings = {ASSET_TAGS = (); }; };
		F116E5F31BB1A58400AC9FD6 /* 2.jpeg in Resources */ = {isa = PBXBuildFile; fileRef = F116E5E91BB1A58400AC9FD6 /* 2.jpeg */; settings = {ASSET_TAGS = (); }; };
		F116E5F41BB1A58400AC9FD6 /* 3.jpeg in Resources */ = {isa = PBXBuildFile; fileRef = F116E5EA1BB1A58400AC9FD6 /* 3.jpeg */; settings = {ASSET_TAGS = (); }; };
		F116E5F51BB1A58400AC9FD6 /* 4.jpeg in Resources */ = {isa = PBXBuildFile; fileRef = F116E5EB1BB1A58400AC9FD6 /* 4.jpeg */; settings = {ASSET_TAGS = (); }; };
		F116E5F61BB1A58400AC9FD6 /* 5.jpeg in Resources */ = {isa = PBXBuildFile; fileRef = F116E5EC1BB1A58400AC9FD6 /* 5.jpeg */; settings = {ASSET_TAGS = (); }; };
		F116E5F71BB1A58400AC9FD6 /* 6.jpeg in Resources */ = {isa = PBXBuildFile; fileRef = F116E5ED1BB1A58400AC9FD6 /* 6.jpeg */; settings = {ASSET_TAGS = (); }; };
		F116E5F81BB1A58400AC9FD6 /* 7.jpeg in Resources */ = {isa = PBXBuildFile; fileRef = F116E5EE1BB1A58400AC9FD6 /* 7.jpeg */; settings = {ASSET_TAGS = (); }; };
		F116E5F91BB1A58400AC9FD6 /* 8.jpeg in Resources */ = {isa = PBXBuildFile; fileRef = F116E5EF1BB1A58400AC9FD6 /* 8.jpeg */; settings = {ASSET_TAGS = (); }; };
		F116E5FA1BB1A58400AC9FD6 /* 9.jpeg in Resources */ = {isa = PBXBuildFile; fileRef = F116E5F01BB1A58400AC9FD6 /* 9.jpeg */; settings = {ASSET_TAGS = (); }; };
		F116E5FB1BB1A58400AC9FD6 /* 10.jpeg in Resources */ = {isa = PBXBuildFile; fileRef = F116E5F11BB1A58400AC9FD6 /* 10.jpeg */; settings = {ASSET_TAGS = (); }; };
		F116E5FE1BB21E9700AC9FD6 /* User.m in Sources */ = {isa = PBXBuildFile; fileRef = F116E5FD1BB21E9700AC9FD6 /* User.m */; settings = {ASSET_TAGS = (); }; };
		F116E6011BB21F4300AC9FD6 /* Media.m in Sources */ = {isa = PBXBuildFile; fileRef = F116E6001BB21F4300AC9FD6 /* Media.m */; settings = {ASSET_TAGS = (); }; };
		F116E6041BB220B100AC9FD6 /* Comment.m in Sources */ = {isa = PBXBuildFile; fileRef = F116E6031BB220B100AC9FD6 /* Comment.m */; settings = {ASSET_TAGS = (); }; };
		F116E6071BB2232000AC9FD6 /* DataSource.m in Sources */ = {isa = PBXBuildFile; fileRef = F116E6061BB2232000AC9FD6 /* DataSource.m */; settings = {ASSET_TAGS = (); }; };
		F18691821BB1016C0054A914 /* main.m in Sources */ = {isa = PBXBuildFile; fileRef = F18691811BB1016C0054A914 /* main.m */; };
		F18691851BB1016C0054A914 /* AppDelegate.m in Sources */ = {isa = PBXBuildFile; fileRef = F18691841BB1016C0054A914 /* AppDelegate.m */; };
		F186918D1BB1016C0054A914 /* Assets.xcassets in Resources */ = {isa = PBXBuildFile; fileRef = F186918C1BB1016C0054A914 /* Assets.xcassets */; };
		F186919B1BB1016C0054A914 /* BlocstagramTests.m in Sources */ = {isa = PBXBuildFile; fileRef = F186919A1BB1016C0054A914 /* BlocstagramTests.m */; };
		F18691A61BB1016C0054A914 /* BlocstagramUITests.m in Sources */ = {isa = PBXBuildFile; fileRef = F18691A51BB1016C0054A914 /* BlocstagramUITests.m */; };
		F18691CC1BB187630054A914 /* ImagesTableViewController.m in Sources */ = {isa = PBXBuildFile; fileRef = F18691CB1BB187630054A914 /* ImagesTableViewController.m */; settings = {ASSET_TAGS = (); }; };
/* End PBXBuildFile section */

/* Begin PBXContainerItemProxy section */
		F18691971BB1016C0054A914 /* PBXContainerItemProxy */ = {
			isa = PBXContainerItemProxy;
			containerPortal = F18691751BB1016C0054A914 /* Project object */;
			proxyType = 1;
			remoteGlobalIDString = F186917C1BB1016C0054A914;
			remoteInfo = Blocstagram;
		};
		F18691A21BB1016C0054A914 /* PBXContainerItemProxy */ = {
			isa = PBXContainerItemProxy;
			containerPortal = F18691751BB1016C0054A914 /* Project object */;
			proxyType = 1;
			remoteGlobalIDString = F186917C1BB1016C0054A914;
			remoteInfo = Blocstagram;
		};
/* End PBXContainerItemProxy section */

/* Begin PBXFileReference section */
		F116E5E81BB1A58400AC9FD6 /* 1.jpeg */ = {isa = PBXFileReference; lastKnownFileType = image.jpeg; path = 1.jpeg; sourceTree = "<group>"; };
		F116E5E91BB1A58400AC9FD6 /* 2.jpeg */ = {isa = PBXFileReference; lastKnownFileType = image.jpeg; path = 2.jpeg; sourceTree = "<group>"; };
		F116E5EA1BB1A58400AC9FD6 /* 3.jpeg */ = {isa = PBXFileReference; lastKnownFileType = image.jpeg; path = 3.jpeg; sourceTree = "<group>"; };
		F116E5EB1BB1A58400AC9FD6 /* 4.jpeg */ = {isa = PBXFileReference; lastKnownFileType = image.jpeg; path = 4.jpeg; sourceTree = "<group>"; };
		F116E5EC1BB1A58400AC9FD6 /* 5.jpeg */ = {isa = PBXFileReference; lastKnownFileType = image.jpeg; path = 5.jpeg; sourceTree = "<group>"; };
		F116E5ED1BB1A58400AC9FD6 /* 6.jpeg */ = {isa = PBXFileReference; lastKnownFileType = image.jpeg; path = 6.jpeg; sourceTree = "<group>"; };
		F116E5EE1BB1A58400AC9FD6 /* 7.jpeg */ = {isa = PBXFileReference; lastKnownFileType = image.jpeg; path = 7.jpeg; sourceTree = "<group>"; };
		F116E5EF1BB1A58400AC9FD6 /* 8.jpeg */ = {isa = PBXFileReference; lastKnownFileType = image.jpeg; path = 8.jpeg; sourceTree = "<group>"; };
		F116E5F01BB1A58400AC9FD6 /* 9.jpeg */ = {isa = PBXFileReference; lastKnownFileType = image.jpeg; path = 9.jpeg; sourceTree = "<group>"; };
		F116E5F11BB1A58400AC9FD6 /* 10.jpeg */ = {isa = PBXFileReference; lastKnownFileType = image.jpeg; path = 10.jpeg; sourceTree = "<group>"; };
		F116E5FC1BB21E9700AC9FD6 /* User.h */ = {isa = PBXFileReference; fileEncoding = 4; lastKnownFileType = sourcecode.c.h; name = User.h; path = ../User.h; sourceTree = "<group>"; };
		F116E5FD1BB21E9700AC9FD6 /* User.m */ = {isa = PBXFileReference; fileEncoding = 4; lastKnownFileType = sourcecode.c.objc; name = User.m; path = ../User.m; sourceTree = "<group>"; };
		F116E5FF1BB21F4300AC9FD6 /* Media.h */ = {isa = PBXFileReference; fileEncoding = 4; lastKnownFileType = sourcecode.c.h; path = Media.h; sourceTree = "<group>"; };
		F116E6001BB21F4300AC9FD6 /* Media.m */ = {isa = PBXFileReference; fileEncoding = 4; lastKnownFileType = sourcecode.c.objc; path = Media.m; sourceTree = "<group>"; };
		F116E6021BB220B100AC9FD6 /* Comment.h */ = {isa = PBXFileReference; fileEncoding = 4; lastKnownFileType = sourcecode.c.h; path = Comment.h; sourceTree = "<group>"; };
		F116E6031BB220B100AC9FD6 /* Comment.m */ = {isa = PBXFileReference; fileEncoding = 4; lastKnownFileType = sourcecode.c.objc; path = Comment.m; sourceTree = "<group>"; };
		F116E6051BB2232000AC9FD6 /* DataSource.h */ = {isa = PBXFileReference; fileEncoding = 4; lastKnownFileType = sourcecode.c.h; path = DataSource.h; sourceTree = "<group>"; };
		F116E6061BB2232000AC9FD6 /* DataSource.m */ = {isa = PBXFileReference; fileEncoding = 4; lastKnownFileType = sourcecode.c.objc; path = DataSource.m; sourceTree = "<group>"; };
		F186917D1BB1016C0054A914 /* Blocstagram.app */ = {isa = PBXFileReference; explicitFileType = wrapper.application; includeInIndex = 0; path = Blocstagram.app; sourceTree = BUILT_PRODUCTS_DIR; };
		F18691811BB1016C0054A914 /* main.m */ = {isa = PBXFileReference; lastKnownFileType = sourcecode.c.objc; path = main.m; sourceTree = "<group>"; };
		F18691831BB1016C0054A914 /* AppDelegate.h */ = {isa = PBXFileReference; lastKnownFileType = sourcecode.c.h; path = AppDelegate.h; sourceTree = "<group>"; };
		F18691841BB1016C0054A914 /* AppDelegate.m */ = {isa = PBXFileReference; lastKnownFileType = sourcecode.c.objc; path = AppDelegate.m; sourceTree = "<group>"; };
		F186918C1BB1016C0054A914 /* Assets.xcassets */ = {isa = PBXFileReference; lastKnownFileType = folder.assetcatalog; path = Assets.xcassets; sourceTree = "<group>"; };
		F18691911BB1016C0054A914 /* Info.plist */ = {isa = PBXFileReference; lastKnownFileType = text.plist.xml; path = Info.plist; sourceTree = "<group>"; };
		F18691961BB1016C0054A914 /* BlocstagramTests.xctest */ = {isa = PBXFileReference; explicitFileType = wrapper.cfbundle; includeInIndex = 0; path = BlocstagramTests.xctest; sourceTree = BUILT_PRODUCTS_DIR; };
		F186919A1BB1016C0054A914 /* BlocstagramTests.m */ = {isa = PBXFileReference; lastKnownFileType = sourcecode.c.objc; path = BlocstagramTests.m; sourceTree = "<group>"; };
		F186919C1BB1016C0054A914 /* Info.plist */ = {isa = PBXFileReference; lastKnownFileType = text.plist.xml; path = Info.plist; sourceTree = "<group>"; };
		F18691A11BB1016C0054A914 /* BlocstagramUITests.xctest */ = {isa = PBXFileReference; explicitFileType = wrapper.cfbundle; includeInIndex = 0; path = BlocstagramUITests.xctest; sourceTree = BUILT_PRODUCTS_DIR; };
		F18691A51BB1016C0054A914 /* BlocstagramUITests.m */ = {isa = PBXFileReference; lastKnownFileType = sourcecode.c.objc; path = BlocstagramUITests.m; sourceTree = "<group>"; };
		F18691A71BB1016C0054A914 /* Info.plist */ = {isa = PBXFileReference; lastKnownFileType = text.plist.xml; path = Info.plist; sourceTree = "<group>"; };
		F18691CA1BB187630054A914 /* ImagesTableViewController.h */ = {isa = PBXFileReference; fileEncoding = 4; lastKnownFileType = sourcecode.c.h; path = ImagesTableViewController.h; sourceTree = "<group>"; };
		F18691CB1BB187630054A914 /* ImagesTableViewController.m */ = {isa = PBXFileReference; fileEncoding = 4; lastKnownFileType = sourcecode.c.objc; path = ImagesTableViewController.m; sourceTree = "<group>"; };
/* End PBXFileReference section */

/* Begin PBXFrameworksBuildPhase section */
		F186917A1BB1016C0054A914 /* Frameworks */ = {
			isa = PBXFrameworksBuildPhase;
			buildActionMask = 2147483647;
			files = (
			);
			runOnlyForDeploymentPostprocessing = 0;
		};
		F18691931BB1016C0054A914 /* Frameworks */ = {
			isa = PBXFrameworksBuildPhase;
			buildActionMask = 2147483647;
			files = (
			);
			runOnlyForDeploymentPostprocessing = 0;
		};
		F186919E1BB1016C0054A914 /* Frameworks */ = {
			isa = PBXFrameworksBuildPhase;
			buildActionMask = 2147483647;
			files = (
			);
			runOnlyForDeploymentPostprocessing = 0;
		};
/* End PBXFrameworksBuildPhase section */

/* Begin PBXGroup section */
		F116E5BF1BB1A34F00AC9FD6 /* Images */ = {
			isa = PBXGroup;
			children = (
				F116E5E81BB1A58400AC9FD6 /* 1.jpeg */,
				F116E5E91BB1A58400AC9FD6 /* 2.jpeg */,
				F116E5EA1BB1A58400AC9FD6 /* 3.jpeg */,
				F116E5EB1BB1A58400AC9FD6 /* 4.jpeg */,
				F116E5EC1BB1A58400AC9FD6 /* 5.jpeg */,
				F116E5ED1BB1A58400AC9FD6 /* 6.jpeg */,
				F116E5EE1BB1A58400AC9FD6 /* 7.jpeg */,
				F116E5EF1BB1A58400AC9FD6 /* 8.jpeg */,
				F116E5F01BB1A58400AC9FD6 /* 9.jpeg */,
				F116E5F11BB1A58400AC9FD6 /* 10.jpeg */,
			);
			name = Images;
			sourceTree = "<group>";
		};
		F18691741BB1016C0054A914 = {
			isa = PBXGroup;
			children = (
				F186917F1BB1016C0054A914 /* Blocstagram */,
				F18691991BB1016C0054A914 /* BlocstagramTests */,
				F18691A41BB1016C0054A914 /* BlocstagramUITests */,
				F186917E1BB1016C0054A914 /* Products */,
			);
			sourceTree = "<group>";
		};
		F186917E1BB1016C0054A914 /* Products */ = {
			isa = PBXGroup;
			children = (
				F186917D1BB1016C0054A914 /* Blocstagram.app */,
				F18691961BB1016C0054A914 /* BlocstagramTests.xctest */,
				F18691A11BB1016C0054A914 /* BlocstagramUITests.xctest */,
			);
			name = Products;
			sourceTree = "<group>";
		};
		F186917F1BB1016C0054A914 /* Blocstagram */ = {
			isa = PBXGroup;
			children = (
				F116E5BF1BB1A34F00AC9FD6 /* Images */,
				F18691831BB1016C0054A914 /* AppDelegate.h */,
				F18691841BB1016C0054A914 /* AppDelegate.m */,
				F18691CA1BB187630054A914 /* ImagesTableViewController.h */,
				F18691CB1BB187630054A914 /* ImagesTableViewController.m */,
				F116E5FC1BB21E9700AC9FD6 /* User.h */,
				F116E5FD1BB21E9700AC9FD6 /* User.m */,
				F116E5FF1BB21F4300AC9FD6 /* Media.h */,
				F116E6001BB21F4300AC9FD6 /* Media.m */,
				F116E6021BB220B100AC9FD6 /* Comment.h */,
				F116E6031BB220B100AC9FD6 /* Comment.m */,
				F116E6051BB2232000AC9FD6 /* DataSource.h */,
				F116E6061BB2232000AC9FD6 /* DataSource.m */,
				F186918C1BB1016C0054A914 /* Assets.xcassets */,
				F18691911BB1016C0054A914 /* Info.plist */,
				F18691801BB1016C0054A914 /* Supporting Files */,
			);
			path = Blocstagram;
			sourceTree = "<group>";
		};
		F18691801BB1016C0054A914 /* Supporting Files */ = {
			isa = PBXGroup;
			children = (
				F18691811BB1016C0054A914 /* main.m */,
			);
			name = "Supporting Files";
			sourceTree = "<group>";
		};
		F18691991BB1016C0054A914 /* BlocstagramTests */ = {
			isa = PBXGroup;
			children = (
				F186919A1BB1016C0054A914 /* BlocstagramTests.m */,
				F186919C1BB1016C0054A914 /* Info.plist */,
			);
			path = BlocstagramTests;
			sourceTree = "<group>";
		};
		F18691A41BB1016C0054A914 /* BlocstagramUITests */ = {
			isa = PBXGroup;
			children = (
				F18691A51BB1016C0054A914 /* BlocstagramUITests.m */,
				F18691A71BB1016C0054A914 /* Info.plist */,
			);
			path = BlocstagramUITests;
			sourceTree = "<group>";
		};
/* End PBXGroup section */

/* Begin PBXNativeTarget section */
		F186917C1BB1016C0054A914 /* Blocstagram */ = {
			isa = PBXNativeTarget;
			buildConfigurationList = F18691AA1BB1016C0054A914 /* Build configuration list for PBXNativeTarget "Blocstagram" */;
			buildPhases = (
				F18691791BB1016C0054A914 /* Sources */,
				F186917A1BB1016C0054A914 /* Frameworks */,
				F186917B1BB1016C0054A914 /* Resources */,
			);
			buildRules = (
			);
			dependencies = (
			);
			name = Blocstagram;
			productName = Blocstagram;
			productReference = F186917D1BB1016C0054A914 /* Blocstagram.app */;
			productType = "com.apple.product-type.application";
		};
		F18691951BB1016C0054A914 /* BlocstagramTests */ = {
			isa = PBXNativeTarget;
			buildConfigurationList = F18691AD1BB1016C0054A914 /* Build configuration list for PBXNativeTarget "BlocstagramTests" */;
			buildPhases = (
				F18691921BB1016C0054A914 /* Sources */,
				F18691931BB1016C0054A914 /* Frameworks */,
				F18691941BB1016C0054A914 /* Resources */,
			);
			buildRules = (
			);
			dependencies = (
				F18691981BB1016C0054A914 /* PBXTargetDependency */,
			);
			name = BlocstagramTests;
			productName = BlocstagramTests;
			productReference = F18691961BB1016C0054A914 /* BlocstagramTests.xctest */;
			productType = "com.apple.product-type.bundle.unit-test";
		};
		F18691A01BB1016C0054A914 /* BlocstagramUITests */ = {
			isa = PBXNativeTarget;
			buildConfigurationList = F18691B01BB1016C0054A914 /* Build configuration list for PBXNativeTarget "BlocstagramUITests" */;
			buildPhases = (
				F186919D1BB1016C0054A914 /* Sources */,
				F186919E1BB1016C0054A914 /* Frameworks */,
				F186919F1BB1016C0054A914 /* Resources */,
			);
			buildRules = (
			);
			dependencies = (
				F18691A31BB1016C0054A914 /* PBXTargetDependency */,
			);
			name = BlocstagramUITests;
			productName = BlocstagramUITests;
			productReference = F18691A11BB1016C0054A914 /* BlocstagramUITests.xctest */;
			productType = "com.apple.product-type.bundle.ui-testing";
		};
/* End PBXNativeTarget section */

/* Begin PBXProject section */
		F18691751BB1016C0054A914 /* Project object */ = {
			isa = PBXProject;
			attributes = {
				LastUpgradeCheck = 0700;
				ORGANIZATIONNAME = Bloc;
				TargetAttributes = {
					F186917C1BB1016C0054A914 = {
						CreatedOnToolsVersion = 7.0;
					};
					F18691951BB1016C0054A914 = {
						CreatedOnToolsVersion = 7.0;
						TestTargetID = F186917C1BB1016C0054A914;
					};
					F18691A01BB1016C0054A914 = {
						CreatedOnToolsVersion = 7.0;
						TestTargetID = F186917C1BB1016C0054A914;
					};
				};
			};
			buildConfigurationList = F18691781BB1016C0054A914 /* Build configuration list for PBXProject "Blocstagram" */;
			compatibilityVersion = "Xcode 3.2";
			developmentRegion = English;
			hasScannedForEncodings = 0;
			knownRegions = (
				en,
				Base,
			);
			mainGroup = F18691741BB1016C0054A914;
			productRefGroup = F186917E1BB1016C0054A914 /* Products */;
			projectDirPath = "";
			projectRoot = "";
			targets = (
				F186917C1BB1016C0054A914 /* Blocstagram */,
				F18691951BB1016C0054A914 /* BlocstagramTests */,
				F18691A01BB1016C0054A914 /* BlocstagramUITests */,
			);
		};
/* End PBXProject section */

/* Begin PBXResourcesBuildPhase section */
		F186917B1BB1016C0054A914 /* Resources */ = {
			isa = PBXResourcesBuildPhase;
			buildActionMask = 2147483647;
			files = (
				F116E5FB1BB1A58400AC9FD6 /* 10.jpeg in Resources */,
				F116E5F91BB1A58400AC9FD6 /* 8.jpeg in Resources */,
				F116E5F71BB1A58400AC9FD6 /* 6.jpeg in Resources */,
				F116E5F81BB1A58400AC9FD6 /* 7.jpeg in Resources */,
				F116E5FA1BB1A58400AC9FD6 /* 9.jpeg in Resources */,
				F116E5F41BB1A58400AC9FD6 /* 3.jpeg in Resources */,
				F116E5F31BB1A58400AC9FD6 /* 2.jpeg in Resources */,
				F116E5F61BB1A58400AC9FD6 /* 5.jpeg in Resources */,
				F116E5F21BB1A58400AC9FD6 /* 1.jpeg in Resources */,
				F116E5F51BB1A58400AC9FD6 /* 4.jpeg in Resources */,
				F186918D1BB1016C0054A914 /* Assets.xcassets in Resources */,
			);
			runOnlyForDeploymentPostprocessing = 0;
		};
		F18691941BB1016C0054A914 /* Resources */ = {
			isa = PBXResourcesBuildPhase;
			buildActionMask = 2147483647;
			files = (
			);
			runOnlyForDeploymentPostprocessing = 0;
		};
		F186919F1BB1016C0054A914 /* Resources */ = {
			isa = PBXResourcesBuildPhase;
			buildActionMask = 2147483647;
			files = (
			);
			runOnlyForDeploymentPostprocessing = 0;
		};
/* End PBXResourcesBuildPhase section */

/* Begin PBXSourcesBuildPhase section */
		F18691791BB1016C0054A914 /* Sources */ = {
			isa = PBXSourcesBuildPhase;
			buildActionMask = 2147483647;
			files = (
				F116E5FE1BB21E9700AC9FD6 /* User.m in Sources */,
				F116E6041BB220B100AC9FD6 /* Comment.m in Sources */,
				F116E6011BB21F4300AC9FD6 /* Media.m in Sources */,
				F18691851BB1016C0054A914 /* AppDelegate.m in Sources */,
				F116E6071BB2232000AC9FD6 /* DataSource.m in Sources */,
				F18691821BB1016C0054A914 /* main.m in Sources */,
				F18691CC1BB187630054A914 /* ImagesTableViewController.m in Sources */,
			);
			runOnlyForDeploymentPostprocessing = 0;
		};
		F18691921BB1016C0054A914 /* Sources */ = {
			isa = PBXSourcesBuildPhase;
			buildActionMask = 2147483647;
			files = (
				F186919B1BB1016C0054A914 /* BlocstagramTests.m in Sources */,
			);
			runOnlyForDeploymentPostprocessing = 0;
		};
		F186919D1BB1016C0054A914 /* Sources */ = {
			isa = PBXSourcesBuildPhase;
			buildActionMask = 2147483647;
			files = (
				F18691A61BB1016C0054A914 /* BlocstagramUITests.m in Sources */,
			);
			runOnlyForDeploymentPostprocessing = 0;
		};
/* End PBXSourcesBuildPhase section */

/* Begin PBXTargetDependency section */
		F18691981BB1016C0054A914 /* PBXTargetDependency */ = {
			isa = PBXTargetDependency;
			target = F186917C1BB1016C0054A914 /* Blocstagram */;
			targetProxy = F18691971BB1016C0054A914 /* PBXContainerItemProxy */;
		};
		F18691A31BB1016C0054A914 /* PBXTargetDependency */ = {
			isa = PBXTargetDependency;
			target = F186917C1BB1016C0054A914 /* Blocstagram */;
			targetProxy = F18691A21BB1016C0054A914 /* PBXContainerItemProxy */;
		};
/* End PBXTargetDependency section */

/* Begin XCBuildConfiguration section */
		F18691A81BB1016C0054A914 /* Debug */ = {
			isa = XCBuildConfiguration;
			buildSettings = {
				ALWAYS_SEARCH_USER_PATHS = NO;
				CLANG_CXX_LANGUAGE_STANDARD = "gnu++0x";
				CLANG_CXX_LIBRARY = "libc++";
				CLANG_ENABLE_MODULES = YES;
				CLANG_ENABLE_OBJC_ARC = YES;
				CLANG_WARN_BOOL_CONVERSION = YES;
				CLANG_WARN_CONSTANT_CONVERSION = YES;
				CLANG_WARN_DIRECT_OBJC_ISA_USAGE = YES_ERROR;
				CLANG_WARN_EMPTY_BODY = YES;
				CLANG_WARN_ENUM_CONVERSION = YES;
				CLANG_WARN_INT_CONVERSION = YES;
				CLANG_WARN_OBJC_ROOT_CLASS = YES_ERROR;
				CLANG_WARN_UNREACHABLE_CODE = YES;
				CLANG_WARN__DUPLICATE_METHOD_MATCH = YES;
				"CODE_SIGN_IDENTITY[sdk=iphoneos*]" = "iPhone Developer";
				COPY_PHASE_STRIP = NO;
				DEBUG_INFORMATION_FORMAT = dwarf;
				ENABLE_STRICT_OBJC_MSGSEND = YES;
				ENABLE_TESTABILITY = YES;
				GCC_C_LANGUAGE_STANDARD = gnu99;
				GCC_DYNAMIC_NO_PIC = NO;
				GCC_NO_COMMON_BLOCKS = YES;
				GCC_OPTIMIZATION_LEVEL = 0;
				GCC_PREPROCESSOR_DEFINITIONS = (
					"DEBUG=1",
					"$(inherited)",
				);
				GCC_WARN_64_TO_32_BIT_CONVERSION = YES;
				GCC_WARN_ABOUT_RETURN_TYPE = YES_ERROR;
				GCC_WARN_UNDECLARED_SELECTOR = YES;
				GCC_WARN_UNINITIALIZED_AUTOS = YES_AGGRESSIVE;
				GCC_WARN_UNUSED_FUNCTION = YES;
				GCC_WARN_UNUSED_VARIABLE = YES;
				IPHONEOS_DEPLOYMENT_TARGET = 9.0;
				MTL_ENABLE_DEBUG_INFO = YES;
				ONLY_ACTIVE_ARCH = YES;
				SDKROOT = iphoneos;
				TARGETED_DEVICE_FAMILY = "1,2";
			};
			name = Debug;
		};
		F18691A91BB1016C0054A914 /* Release */ = {
			isa = XCBuildConfiguration;
			buildSettings = {
				ALWAYS_SEARCH_USER_PATHS = NO;
				CLANG_CXX_LANGUAGE_STANDARD = "gnu++0x";
				CLANG_CXX_LIBRARY = "libc++";
				CLANG_ENABLE_MODULES = YES;
				CLANG_ENABLE_OBJC_ARC = YES;
				CLANG_WARN_BOOL_CONVERSION = YES;
				CLANG_WARN_CONSTANT_CONVERSION = YES;
				CLANG_WARN_DIRECT_OBJC_ISA_USAGE = YES_ERROR;
				CLANG_WARN_EMPTY_BODY = YES;
				CLANG_WARN_ENUM_CONVERSION = YES;
				CLANG_WARN_INT_CONVERSION = YES;
				CLANG_WARN_OBJC_ROOT_CLASS = YES_ERROR;
				CLANG_WARN_UNREACHABLE_CODE = YES;
				CLANG_WARN__DUPLICATE_METHOD_MATCH = YES;
				"CODE_SIGN_IDENTITY[sdk=iphoneos*]" = "iPhone Developer";
				COPY_PHASE_STRIP = NO;
				DEBUG_INFORMATION_FORMAT = "dwarf-with-dsym";
				ENABLE_NS_ASSERTIONS = NO;
				ENABLE_STRICT_OBJC_MSGSEND = YES;
				GCC_C_LANGUAGE_STANDARD = gnu99;
				GCC_NO_COMMON_BLOCKS = YES;
				GCC_WARN_64_TO_32_BIT_CONVERSION = YES;
				GCC_WARN_ABOUT_RETURN_TYPE = YES_ERROR;
				GCC_WARN_UNDECLARED_SELECTOR = YES;
				GCC_WARN_UNINITIALIZED_AUTOS = YES_AGGRESSIVE;
				GCC_WARN_UNUSED_FUNCTION = YES;
				GCC_WARN_UNUSED_VARIABLE = YES;
				IPHONEOS_DEPLOYMENT_TARGET = 9.0;
				MTL_ENABLE_DEBUG_INFO = NO;
				SDKROOT = iphoneos;
				TARGETED_DEVICE_FAMILY = "1,2";
				VALIDATE_PRODUCT = YES;
			};
			name = Release;
		};
		F18691AB1BB1016C0054A914 /* Debug */ = {
			isa = XCBuildConfiguration;
			buildSettings = {
				ASSETCATALOG_COMPILER_APPICON_NAME = AppIcon;
				INFOPLIST_FILE = Blocstagram/Info.plist;
				LD_RUNPATH_SEARCH_PATHS = "$(inherited) @executable_path/Frameworks";
				PRODUCT_BUNDLE_IDENTIFIER = com.Bloc.Blocstagram;
				PRODUCT_NAME = "$(TARGET_NAME)";
			};
			name = Debug;
		};
		F18691AC1BB1016C0054A914 /* Release */ = {
			isa = XCBuildConfiguration;
			buildSettings = {
				ASSETCATALOG_COMPILER_APPICON_NAME = AppIcon;
				INFOPLIST_FILE = Blocstagram/Info.plist;
				LD_RUNPATH_SEARCH_PATHS = "$(inherited) @executable_path/Frameworks";
				PRODUCT_BUNDLE_IDENTIFIER = com.Bloc.Blocstagram;
				PRODUCT_NAME = "$(TARGET_NAME)";
			};
			name = Release;
		};
		F18691AE1BB1016C0054A914 /* Debug */ = {
			isa = XCBuildConfiguration;
			buildSettings = {
				BUNDLE_LOADER = "$(TEST_HOST)";
				INFOPLIST_FILE = BlocstagramTests/Info.plist;
				LD_RUNPATH_SEARCH_PATHS = "$(inherited) @executable_path/Frameworks @loader_path/Frameworks";
				PRODUCT_BUNDLE_IDENTIFIER = com.Bloc.BlocstagramTests;
				PRODUCT_NAME = "$(TARGET_NAME)";
				TEST_HOST = "$(BUILT_PRODUCTS_DIR)/Blocstagram.app/Blocstagram";
			};
			name = Debug;
		};
		F18691AF1BB1016C0054A914 /* Release */ = {
			isa = XCBuildConfiguration;
			buildSettings = {
				BUNDLE_LOADER = "$(TEST_HOST)";
				INFOPLIST_FILE = BlocstagramTests/Info.plist;
				LD_RUNPATH_SEARCH_PATHS = "$(inherited) @executable_path/Frameworks @loader_path/Frameworks";
				PRODUCT_BUNDLE_IDENTIFIER = com.Bloc.BlocstagramTests;
				PRODUCT_NAME = "$(TARGET_NAME)";
				TEST_HOST = "$(BUILT_PRODUCTS_DIR)/Blocstagram.app/Blocstagram";
			};
			name = Release;
		};
		F18691B11BB1016C0054A914 /* Debug */ = {
			isa = XCBuildConfiguration;
			buildSettings = {
				INFOPLIST_FILE = BlocstagramUITests/Info.plist;
				LD_RUNPATH_SEARCH_PATHS = "$(inherited) @executable_path/Frameworks @loader_path/Frameworks";
				PRODUCT_BUNDLE_IDENTIFIER = com.Bloc.BlocstagramUITests;
				PRODUCT_NAME = "$(TARGET_NAME)";
				TEST_TARGET_NAME = Blocstagram;
				USES_XCTRUNNER = YES;
			};
			name = Debug;
		};
		F18691B21BB1016C0054A914 /* Release */ = {
			isa = XCBuildConfiguration;
			buildSettings = {
				INFOPLIST_FILE = BlocstagramUITests/Info.plist;
				LD_RUNPATH_SEARCH_PATHS = "$(inherited) @executable_path/Frameworks @loader_path/Frameworks";
				PRODUCT_BUNDLE_IDENTIFIER = com.Bloc.BlocstagramUITests;
				PRODUCT_NAME = "$(TARGET_NAME)";
				TEST_TARGET_NAME = Blocstagram;
				USES_XCTRUNNER = YES;
			};
			name = Release;
		};
/* End XCBuildConfiguration section */

/* Begin XCConfigurationList section */
		F18691781BB1016C0054A914 /* Build configuration list for PBXProject "Blocstagram" */ = {
			isa = XCConfigurationList;
			buildConfigurations = (
				F18691A81BB1016C0054A914 /* Debug */,
				F18691A91BB1016C0054A914 /* Release */,
			);
			defaultConfigurationIsVisible = 0;
			defaultConfigurationName = Release;
		};
		F18691AA1BB1016C0054A914 /* Build configuration list for PBXNativeTarget "Blocstagram" */ = {
			isa = XCConfigurationList;
			buildConfigurations = (
				F18691AB1BB1016C0054A914 /* Debug */,
				F18691AC1BB1016C0054A914 /* Release */,
			);
			defaultConfigurationIsVisible = 0;
			defaultConfigurationName = Release;
		};
		F18691AD1BB1016C0054A914 /* Build configuration list for PBXNativeTarget "BlocstagramTests" */ = {
			isa = XCConfigurationList;
			buildConfigurations = (
				F18691AE1BB1016C0054A914 /* Debug */,
				F18691AF1BB1016C0054A914 /* Release */,
			);
			defaultConfigurationIsVisible = 0;
			defaultConfigurationName = Release;
		};
		F18691B01BB1016C0054A914 /* Build configuration list for PBXNativeTarget "BlocstagramUITests" */ = {
			isa = XCConfigurationList;
			buildConfigurations = (
				F18691B11BB1016C0054A914 /* Debug */,
				F18691B21BB1016C0054A914 /* Release */,
			);
			defaultConfigurationIsVisible = 0;
			defaultConfigurationName = Release;
		};
/* End XCConfigurationList section */
	};
	rootObject = F18691751BB1016C0054A914 /* Project object */;
}
